
Microsoft Visual Studio Solution File, Format Version 12.00
# Visual Studio 2012
Project("{F184B08F-C81C-45F6-A57F-5ABD9991F28F}") = "vb_mysql", "vb_mysql\vb_mysql.vbproj", "{99EB9CB0-6BA1-4839-92EB-4FD54A76C46E}"
EndProject
Global
	GlobalSection(SolutionConfigurationPlatforms) = preSolution
		Debug|Any CPU = Debug|Any CPU
		Release|Any CPU = Release|Any CPU
	EndGlobalSection
	GlobalSection(ProjectConfigurationPlatforms) = postSolution
		{99EB9CB0-6BA1-4839-92EB-4FD54A76C46E}.Debug|Any CPU.ActiveCfg = Debug|Any CPU
		{99EB9CB0-6BA1-4839-92EB-4FD54A76C46E}.Debug|Any CPU.Build.0 = Debug|Any CPU
		{99EB9CB0-6BA1-4839-92EB-4FD54A76C46E}.Release|Any CPU.ActiveCfg = Release|Any CPU
		{99EB9CB0-6BA1-4839-92EB-4FD54A76C46E}.Release|Any CPU.Build.0 = Release|Any CPU
	EndGlobalSection
	GlobalSection(SolutionProperties) = preSolution
		HideSolutionNode = FALSE
	EndGlobalSection
EndGlobal
